{
  "name": "steam-price",
  "version": "0.1.1",
  "lockfileVersion": 1,
  "requires": true,
  "dependencies": {
    "@opskins/api": {
      "version": "1.6.0",
      "resolved": "https://registry.npmjs.org/@opskins/api/-/api-1.6.0.tgz",
      "integrity": "sha512-64Ryw3Foxi0HpsrX4BaGh7CA7NKJtmYk46xET4NjSiZ5VlqR3cGBIMq3xL3DbfgrOo8Cnxx4dQ1+2DF10gptqg=="
    }
  }
}
